<?xml version="1.0" encoding="UTF-8"?>
<!DOCTYPE plist PUBLIC "-//Apple//DTD PLIST 1.0//EN" "http://www.apple.com/DTDs/PropertyList-1.0.dtd">
<plist version="1.0">
<dict>
	<key>archiveVersion</key>
	<string>1</string>
	<key>classes</key>
	<dict/>
	<key>objectVersion</key>
	<string>46</string>
	<key>objects</key>
	<dict>
		<key>0FA4A4801EC89C0D00F31F9A</key>
		<dict>
			<key>children</key>
			<array>
				<string>0FA4A48B1EC89C0D00F31F9A</string>
				<string>0FA4A4A01EC89C0D00F31F9A</string>
				<string>0FA4A4AD1EC89DEF00F31F9A</string>
				<string>0FA4A48A1EC89C0D00F31F9A</string>
			</array>
			<key>isa</key>
			<string>PBXGroup</string>
			<key>sourceTree</key>
			<string>&lt;group&gt;</string>
		</dict>
		<key>0FA4A4811EC89C0D00F31F9A</key>
		<dict>
			<key>attributes</key>
			<dict>
				<key>LastSwiftUpdateCheck</key>
				<string>0830</string>
				<key>LastUpgradeCheck</key>
				<string>0830</string>
				<key>ORGANIZATIONNAME</key>
				<string>Trevis Thomas</string>
				<key>TargetAttributes</key>
				<dict>
					<key>0FA4A4881EC89C0D00F31F9A</key>
					<dict>
						<key>CreatedOnToolsVersion</key>
						<string>8.3.2</string>
						<key>DevelopmentTeam</key>
						<string>KRNJ229R7J</string>
						<key>ProvisioningStyle</key>
						<string>Automatic</string>
						<key>SystemCapabilities</key>
						<dict>
							<key>com.apple.Push</key>
							<dict>
								<key>enabled</key>
								<string>1</string>
							</dict>
							<key>com.apple.iCloud</key>
							<dict>
								<key>enabled</key>
								<string>1</string>
							</dict>
						</dict>
					</dict>
					<key>0FA4A49C1EC89C0D00F31F9A</key>
					<dict>
						<key>CreatedOnToolsVersion</key>
						<string>8.3.2</string>
						<key>DevelopmentTeam</key>
						<string>KRNJ229R7J</string>
						<key>ProvisioningStyle</key>
						<string>Automatic</string>
						<key>TestTargetID</key>
						<string>0FA4A4881EC89C0D00F31F9A</string>
					</dict>
				</dict>
			</dict>
			<key>buildConfigurationList</key>
			<string>0FA4A4841EC89C0D00F31F9A</string>
			<key>compatibilityVersion</key>
			<string>Xcode 3.2</string>
			<key>developmentRegion</key>
			<string>English</string>
			<key>hasScannedForEncodings</key>
			<string>0</string>
			<key>isa</key>
			<string>PBXProject</string>
			<key>knownRegions</key>
			<array>
				<string>en</string>
				<string>Base</string>
			</array>
			<key>mainGroup</key>
			<string>0FA4A4801EC89C0D00F31F9A</string>
			<key>productRefGroup</key>
			<string>0FA4A48A1EC89C0D00F31F9A</string>
			<key>projectDirPath</key>
			<string></string>
			<key>projectReferences</key>
			<array/>
			<key>projectRoot</key>
			<string></string>
			<key>targets</key>
			<array>
				<string>0FA4A4881EC89C0D00F31F9A</string>
				<string>0FA4A49C1EC89C0D00F31F9A</string>
			</array>
		</dict>
		<key>0FA4A4841EC89C0D00F31F9A</key>
		<dict>
			<key>buildConfigurations</key>
			<array>
				<string>0FA4A4A41EC89C0D00F31F9A</string>
				<string>0FA4A4A51EC89C0D00F31F9A</string>
			</array>
			<key>defaultConfigurationIsVisible</key>
			<string>0</string>
			<key>defaultConfigurationName</key>
			<string>Release</string>
			<key>isa</key>
			<string>XCConfigurationList</string>
		</dict>
		<key>0FA4A4851EC89C0D00F31F9A</key>
		<dict>
			<key>buildActionMask</key>
			<string>2147483647</string>
			<key>files</key>
			<array>
				<string>0FA4A4F01EC8E94700F31F9A</string>
				<string>0FA4A4E61EC8E91E00F31F9A</string>
				<string>0FA4A5361EC8ECB400F31F9A</string>
				<string>0FA4A5461EC8ECD200F31F9A</string>
				<string>0FA4A4F31EC8E94700F31F9A</string>
				<string>0FA4A5281EC8EC9000F31F9A</string>
				<string>0FA4A54D1EC8ECE200F31F9A</string>
				<string>0FA4A5191EC8EC6E00F31F9A</string>
				<string>0FA4A5471EC8ECD200F31F9A</string>
				<string>0FA4A4F21EC8E94700F31F9A</string>
				<string>0FA4A52C1EC8EC9C00F31F9A</string>
				<string>0FA4A5061EC8EAF100F31F9A</string>
				<string>0FA4A5511EC8EE5B00F31F9A</string>
				<string>0FA4A48F1EC89C0D00F31F9A</string>
				<string>0FA4A52D1EC8EC9C00F31F9A</string>
				<string>0FA4A5181EC8EC6E00F31F9A</string>
				<string>0FA4A50C1EC8EB2500F31F9A</string>
				<string>0FA4A4E31EC8E91E00F31F9A</string>
				<string>0FA4A4F11EC8E94700F31F9A</string>
				<string>0FA4A5311EC8ECA500F31F9A</string>
				<string>0FA4A4FE1EC8E9AF00F31F9A</string>
				<string>0FA4A54E1EC8ECE200F31F9A</string>
				<string>0FA4A48D1EC89C0D00F31F9A</string>
				<string>0FA4A5421EC8ECD200F31F9A</string>
				<string>0FA4A5231EC8EC9000F31F9A</string>
				<string>0FA4A5161EC8EC6E00F31F9A</string>
				<string>0FA4A4B91EC8ADF400F31F9A</string>
				<string>0FA4A4DF1EC8E91E00F31F9A</string>
				<string>0FA4A4E21EC8E91E00F31F9A</string>
				<string>0FA4A4DE1EC8E91E00F31F9A</string>
				<string>0FA4A4E51EC8E91E00F31F9A</string>
				<string>0FA4A4E11EC8E91E00F31F9A</string>
				<string>0FA4A54F1EC8ECE200F31F9A</string>
				<string>0FA4A54C1EC8ECE200F31F9A</string>
				<string>0FA4A5011EC8E9AF00F31F9A</string>
				<string>0FA4A50D1EC8EB2500F31F9A</string>
				<string>0FA4A5321EC8ECA500F31F9A</string>
				<string>0FA4A5221EC8EC9000F31F9A</string>
				<string>0FA4A5241EC8EC9000F31F9A</string>
				<string>0FA4A5451EC8ECD200F31F9A</string>
				<string>0FA4A52E1EC8EC9C00F31F9A</string>
				<string>0FA4A4EF1EC8E94700F31F9A</string>
				<string>0FA4A4E01EC8E91E00F31F9A</string>
				<string>0FA4A5431EC8ECD200F31F9A</string>
				<string>0FA4A50E1EC8EB2500F31F9A</string>
				<string>0FA4A4E71EC8E91E00F31F9A</string>
				<string>0FA4A5271EC8EC9000F31F9A</string>
				<string>0FA4A4F41EC8E94700F31F9A</string>
				<string>0FA4A5371EC8ECB400F31F9A</string>
				<string>0FA4A5261EC8EC9000F31F9A</string>
				<string>0FA4A4E41EC8E91E00F31F9A</string>
				<string>0FA4A5411EC8ECD200F31F9A</string>
				<string>0FA4A5441EC8ECD200F31F9A</string>
				<string>0FA4A5251EC8EC9000F31F9A</string>
				<string>0FA4A5171EC8EC6E00F31F9A</string>
			</array>
			<key>isa</key>
			<string>PBXSourcesBuildPhase</string>
			<key>runOnlyForDeploymentPostprocessing</key>
			<string>0</string>
		</dict>
		<key>0FA4A4861EC89C0D00F31F9A</key>
		<dict>
			<key>buildActionMask</key>
			<string>2147483647</string>
			<key>files</key>
			<array>
				<string>0FA4A4AF1EC89DEF00F31F9A</string>
			</array>
			<key>isa</key>
			<string>PBXFrameworksBuildPhase</string>
			<key>runOnlyForDeploymentPostprocessing</key>
			<string>0</string>
		</dict>
		<key>0FA4A4871EC89C0D00F31F9A</key>
		<dict>
			<key>buildActionMask</key>
			<string>2147483647</string>
			<key>files</key>
			<array>
				<string>0FA4A4971EC89C0D00F31F9A</string>
				<string>0FA4A4941EC89C0D00F31F9A</string>
				<string>0FA4A4921EC89C0D00F31F9A</string>
				<string>0FA4A4B71EC8A69000F31F9A</string>
			</array>
			<key>isa</key>
			<string>PBXResourcesBuildPhase</string>
			<key>runOnlyForDeploymentPostprocessing</key>
			<string>0</string>
		</dict>
		<key>0FA4A4881EC89C0D00F31F9A</key>
		<dict>
			<key>buildConfigurationList</key>
			<string>0FA4A4A61EC89C0D00F31F9A</string>
			<key>buildPhases</key>
			<array>
				<string>0FA4A4851EC89C0D00F31F9A</string>
				<string>0FA4A4861EC89C0D00F31F9A</string>
				<string>0FA4A4871EC89C0D00F31F9A</string>
			</array>
			<key>buildRules</key>
			<array/>
			<key>dependencies</key>
			<array/>
			<key>isa</key>
			<string>PBXNativeTarget</string>
			<key>name</key>
			<string>Enfoca</string>
			<key>productName</key>
			<string>Enfoca</string>
			<key>productReference</key>
			<string>0FA4A4891EC89C0D00F31F9A</string>
			<key>productType</key>
			<string>com.apple.product-type.application</string>
		</dict>
		<key>0FA4A4891EC89C0D00F31F9A</key>
		<dict>
			<key>explicitFileType</key>
			<string>wrapper.application</string>
			<key>includeInIndex</key>
			<string>0</string>
			<key>isa</key>
			<string>PBXFileReference</string>
			<key>path</key>
			<string>Enfoca.app</string>
			<key>sourceTree</key>
			<string>BUILT_PRODUCTS_DIR</string>
		</dict>
		<key>0FA4A48A1EC89C0D00F31F9A</key>
		<dict>
			<key>children</key>
			<array>
				<string>0FA4A4891EC89C0D00F31F9A</string>
				<string>0FA4A49D1EC89C0D00F31F9A</string>
			</array>
			<key>isa</key>
			<string>PBXGroup</string>
			<key>name</key>
			<string>Products</string>
			<key>sourceTree</key>
			<string>&lt;group&gt;</string>
		</dict>
		<key>0FA4A48B1EC89C0D00F31F9A</key>
		<dict>
			<key>children</key>
			<array>
				<string>0FA4A4B01EC8A37200F31F9A</string>
				<string>0FA4A4B41EC8A56200F31F9A</string>
				<string>0FA4A4E81EC8E92500F31F9A</string>
				<string>0FA4A4F51EC8E94D00F31F9A</string>
				<string>0FA4A4CB1EC8CC8A00F31F9A</string>
				<string>0FA4A4BA1EC8B02300F31F9A</string>
				<string>0FA4A4931EC89C0D00F31F9A</string>
				<string>0FA4A4BE1EC8C98000F31F9A</string>
				<string>0FA4A4951EC89C0D00F31F9A</string>
				<string>0FA4A4901EC89C0D00F31F9A</string>
				<string>0FA4A48E1EC89C0D00F31F9A</string>
			</array>
			<key>isa</key>
			<string>PBXGroup</string>
			<key>path</key>
			<string>Enfoca</string>
			<key>sourceTree</key>
			<string>&lt;group&gt;</string>
		</dict>
		<key>0FA4A48C1EC89C0D00F31F9A</key>
		<dict>
			<key>isa</key>
			<string>PBXFileReference</string>
			<key>lastKnownFileType</key>
			<string>sourcecode.swift</string>
			<key>path</key>
			<string>AppDelegate.swift</string>
			<key>sourceTree</key>
			<string>&lt;group&gt;</string>
		</dict>
		<key>0FA4A48D1EC89C0D00F31F9A</key>
		<dict>
			<key>fileRef</key>
			<string>0FA4A48C1EC89C0D00F31F9A</string>
			<key>isa</key>
			<string>PBXBuildFile</string>
		</dict>
		<key>0FA4A48E1EC89C0D00F31F9A</key>
		<dict>
			<key>isa</key>
			<string>PBXFileReference</string>
			<key>lastKnownFileType</key>
			<string>sourcecode.swift</string>
			<key>path</key>
			<string>ViewController.swift</string>
			<key>sourceTree</key>
			<string>&lt;group&gt;</string>
		</dict>
		<key>0FA4A48F1EC89C0D00F31F9A</key>
		<dict>
			<key>fileRef</key>
			<string>0FA4A48E1EC89C0D00F31F9A</string>
			<key>isa</key>
			<string>PBXBuildFile</string>
		</dict>
		<key>0FA4A4901EC89C0D00F31F9A</key>
		<dict>
			<key>children</key>
			<array>
				<string>0FA4A4911EC89C0D00F31F9A</string>
			</array>
			<key>isa</key>
			<string>PBXVariantGroup</string>
			<key>name</key>
			<string>Main.storyboard</string>
			<key>path</key>
			<string>.</string>
			<key>sourceTree</key>
			<string>&lt;group&gt;</string>
		</dict>
		<key>0FA4A4911EC89C0D00F31F9A</key>
		<dict>
			<key>isa</key>
			<string>PBXFileReference</string>
			<key>lastKnownFileType</key>
			<string>file.storyboard</string>
			<key>name</key>
			<string>Base</string>
			<key>path</key>
			<string>Base.lproj/Main.storyboard</string>
			<key>sourceTree</key>
			<string>&lt;group&gt;</string>
		</dict>
		<key>0FA4A4921EC89C0D00F31F9A</key>
		<dict>
			<key>fileRef</key>
			<string>0FA4A4901EC89C0D00F31F9A</string>
			<key>isa</key>
			<string>PBXBuildFile</string>
		</dict>
		<key>0FA4A4931EC89C0D00F31F9A</key>
		<dict>
			<key>isa</key>
			<string>PBXFileReference</string>
			<key>lastKnownFileType</key>
			<string>folder.assetcatalog</string>
			<key>path</key>
			<string>Assets.xcassets</string>
			<key>sourceTree</key>
			<string>&lt;group&gt;</string>
		</dict>
		<key>0FA4A4941EC89C0D00F31F9A</key>
		<dict>
			<key>fileRef</key>
			<string>0FA4A4931EC89C0D00F31F9A</string>
			<key>isa</key>
			<string>PBXBuildFile</string>
		</dict>
		<key>0FA4A4951EC89C0D00F31F9A</key>
		<dict>
			<key>children</key>
			<array>
				<string>0FA4A4961EC89C0D00F31F9A</string>
			</array>
			<key>isa</key>
			<string>PBXVariantGroup</string>
			<key>name</key>
			<string>LaunchScreen.storyboard</string>
			<key>path</key>
			<string>.</string>
			<key>sourceTree</key>
			<string>&lt;group&gt;</string>
		</dict>
		<key>0FA4A4961EC89C0D00F31F9A</key>
		<dict>
			<key>isa</key>
			<string>PBXFileReference</string>
			<key>lastKnownFileType</key>
			<string>file.storyboard</string>
			<key>name</key>
			<string>Base</string>
			<key>path</key>
			<string>Base.lproj/LaunchScreen.storyboard</string>
			<key>sourceTree</key>
			<string>&lt;group&gt;</string>
		</dict>
		<key>0FA4A4971EC89C0D00F31F9A</key>
		<dict>
			<key>fileRef</key>
			<string>0FA4A4951EC89C0D00F31F9A</string>
			<key>isa</key>
			<string>PBXBuildFile</string>
		</dict>
		<key>0FA4A4991EC89C0D00F31F9A</key>
		<dict>
			<key>buildActionMask</key>
			<string>2147483647</string>
			<key>files</key>
			<array>
				<string>0FA4A4A21EC89C0D00F31F9A</string>
			</array>
			<key>isa</key>
			<string>PBXSourcesBuildPhase</string>
			<key>runOnlyForDeploymentPostprocessing</key>
			<string>0</string>
		</dict>
		<key>0FA4A49A1EC89C0D00F31F9A</key>
		<dict>
			<key>buildActionMask</key>
			<string>2147483647</string>
			<key>files</key>
			<array/>
			<key>isa</key>
			<string>PBXFrameworksBuildPhase</string>
			<key>runOnlyForDeploymentPostprocessing</key>
			<string>0</string>
		</dict>
		<key>0FA4A49B1EC89C0D00F31F9A</key>
		<dict>
			<key>buildActionMask</key>
			<string>2147483647</string>
			<key>files</key>
			<array/>
			<key>isa</key>
			<string>PBXResourcesBuildPhase</string>
			<key>runOnlyForDeploymentPostprocessing</key>
			<string>0</string>
		</dict>
		<key>0FA4A49C1EC89C0D00F31F9A</key>
		<dict>
			<key>buildConfigurationList</key>
			<string>0FA4A4A91EC89C0D00F31F9A</string>
			<key>buildPhases</key>
			<array>
				<string>0FA4A4991EC89C0D00F31F9A</string>
				<string>0FA4A49A1EC89C0D00F31F9A</string>
				<string>0FA4A49B1EC89C0D00F31F9A</string>
			</array>
			<key>buildRules</key>
			<array/>
			<key>dependencies</key>
			<array>
				<string>0FA4A49F1EC89C0D00F31F9A</string>
			</array>
			<key>isa</key>
			<string>PBXNativeTarget</string>
			<key>name</key>
			<string>EnfocaTests</string>
			<key>productName</key>
			<string>EnfocaTests</string>
			<key>productReference</key>
			<string>0FA4A49D1EC89C0D00F31F9A</string>
			<key>productType</key>
			<string>com.apple.product-type.bundle.unit-test</string>
		</dict>
		<key>0FA4A49D1EC89C0D00F31F9A</key>
		<dict>
			<key>explicitFileType</key>
			<string>wrapper.cfbundle</string>
			<key>includeInIndex</key>
			<string>0</string>
			<key>isa</key>
			<string>PBXFileReference</string>
			<key>path</key>
			<string>EnfocaTests.xctest</string>
			<key>sourceTree</key>
			<string>BUILT_PRODUCTS_DIR</string>
		</dict>
		<key>0FA4A49E1EC89C0D00F31F9A</key>
		<dict>
			<key>containerPortal</key>
			<string>0FA4A4811EC89C0D00F31F9A</string>
			<key>isa</key>
			<string>PBXContainerItemProxy</string>
			<key>proxyType</key>
			<string>1</string>
			<key>remoteGlobalIDString</key>
			<string>0FA4A4881EC89C0D00F31F9A</string>
			<key>remoteInfo</key>
			<string>Enfoca</string>
		</dict>
		<key>0FA4A49F1EC89C0D00F31F9A</key>
		<dict>
			<key>isa</key>
			<string>PBXTargetDependency</string>
			<key>target</key>
			<string>0FA4A4881EC89C0D00F31F9A</string>
			<key>targetProxy</key>
			<string>0FA4A49E1EC89C0D00F31F9A</string>
		</dict>
		<key>0FA4A4A01EC89C0D00F31F9A</key>
		<dict>
			<key>children</key>
			<array>
				<string>0FA4A4B31EC8A46200F31F9A</string>
				<string>0FA4A4A11EC89C0D00F31F9A</string>
			</array>
			<key>isa</key>
			<string>PBXGroup</string>
			<key>path</key>
			<string>EnfocaTests</string>
			<key>sourceTree</key>
			<string>&lt;group&gt;</string>
		</dict>
		<key>0FA4A4A11EC89C0D00F31F9A</key>
		<dict>
			<key>isa</key>
			<string>PBXFileReference</string>
			<key>lastKnownFileType</key>
			<string>sourcecode.swift</string>
			<key>path</key>
			<string>EnfocaTests.swift</string>
			<key>sourceTree</key>
			<string>&lt;group&gt;</string>
		</dict>
		<key>0FA4A4A21EC89C0D00F31F9A</key>
		<dict>
			<key>fileRef</key>
			<string>0FA4A4A11EC89C0D00F31F9A</string>
			<key>isa</key>
			<string>PBXBuildFile</string>
		</dict>
		<key>0FA4A4A41EC89C0D00F31F9A</key>
		<dict>
			<key>buildSettings</key>
			<dict>
				<key>ALWAYS_SEARCH_USER_PATHS</key>
				<string>NO</string>
				<key>CLANG_ANALYZER_NONNULL</key>
				<string>YES</string>
				<key>CLANG_ANALYZER_NUMBER_OBJECT_CONVERSION</key>
				<string>YES_AGGRESSIVE</string>
				<key>CLANG_CXX_LANGUAGE_STANDARD</key>
				<string>gnu++0x</string>
				<key>CLANG_CXX_LIBRARY</key>
				<string>libc++</string>
				<key>CLANG_ENABLE_MODULES</key>
				<string>YES</string>
				<key>CLANG_ENABLE_OBJC_ARC</key>
				<string>YES</string>
				<key>CLANG_WARN_BOOL_CONVERSION</key>
				<string>YES</string>
				<key>CLANG_WARN_CONSTANT_CONVERSION</key>
				<string>YES</string>
				<key>CLANG_WARN_DIRECT_OBJC_ISA_USAGE</key>
				<string>YES_ERROR</string>
				<key>CLANG_WARN_DOCUMENTATION_COMMENTS</key>
				<string>YES</string>
				<key>CLANG_WARN_EMPTY_BODY</key>
				<string>YES</string>
				<key>CLANG_WARN_ENUM_CONVERSION</key>
				<string>YES</string>
				<key>CLANG_WARN_INFINITE_RECURSION</key>
				<string>YES</string>
				<key>CLANG_WARN_INT_CONVERSION</key>
				<string>YES</string>
				<key>CLANG_WARN_OBJC_ROOT_CLASS</key>
				<string>YES_ERROR</string>
				<key>CLANG_WARN_SUSPICIOUS_MOVE</key>
				<string>YES</string>
				<key>CLANG_WARN_UNREACHABLE_CODE</key>
				<string>YES</string>
				<key>CLANG_WARN__DUPLICATE_METHOD_MATCH</key>
				<string>YES</string>
				<key>CODE_SIGN_IDENTITY[sdk=iphoneos*]</key>
				<string>iPhone Developer</string>
				<key>COPY_PHASE_STRIP</key>
				<string>NO</string>
				<key>DEBUG_INFORMATION_FORMAT</key>
				<string>dwarf</string>
				<key>ENABLE_STRICT_OBJC_MSGSEND</key>
				<string>YES</string>
				<key>ENABLE_TESTABILITY</key>
				<string>YES</string>
				<key>GCC_C_LANGUAGE_STANDARD</key>
				<string>gnu99</string>
				<key>GCC_DYNAMIC_NO_PIC</key>
				<string>NO</string>
				<key>GCC_NO_COMMON_BLOCKS</key>
				<string>YES</string>
				<key>GCC_OPTIMIZATION_LEVEL</key>
				<string>0</string>
				<key>GCC_PREPROCESSOR_DEFINITIONS</key>
				<array>
					<string>DEBUG=1</string>
					<string>$(inherited)</string>
				</array>
				<key>GCC_WARN_64_TO_32_BIT_CONVERSION</key>
				<string>YES</string>
				<key>GCC_WARN_ABOUT_RETURN_TYPE</key>
				<string>YES_ERROR</string>
				<key>GCC_WARN_UNDECLARED_SELECTOR</key>
				<string>YES</string>
				<key>GCC_WARN_UNINITIALIZED_AUTOS</key>
				<string>YES_AGGRESSIVE</string>
				<key>GCC_WARN_UNUSED_FUNCTION</key>
				<string>YES</string>
				<key>GCC_WARN_UNUSED_VARIABLE</key>
				<string>YES</string>
				<key>IPHONEOS_DEPLOYMENT_TARGET</key>
				<string>10.3</string>
				<key>MTL_ENABLE_DEBUG_INFO</key>
				<string>YES</string>
				<key>ONLY_ACTIVE_ARCH</key>
				<string>YES</string>
				<key>SDKROOT</key>
				<string>iphoneos</string>
				<key>SWIFT_ACTIVE_COMPILATION_CONDITIONS</key>
				<string>DEBUG</string>
				<key>SWIFT_OPTIMIZATION_LEVEL</key>
				<string>-Onone</string>
				<key>TARGETED_DEVICE_FAMILY</key>
				<string>1,2</string>
			</dict>
			<key>isa</key>
			<string>XCBuildConfiguration</string>
			<key>name</key>
			<string>Debug</string>
		</dict>
		<key>0FA4A4A51EC89C0D00F31F9A</key>
		<dict>
			<key>buildSettings</key>
			<dict>
				<key>ALWAYS_SEARCH_USER_PATHS</key>
				<string>NO</string>
				<key>CLANG_ANALYZER_NONNULL</key>
				<string>YES</string>
				<key>CLANG_ANALYZER_NUMBER_OBJECT_CONVERSION</key>
				<string>YES_AGGRESSIVE</string>
				<key>CLANG_CXX_LANGUAGE_STANDARD</key>
				<string>gnu++0x</string>
				<key>CLANG_CXX_LIBRARY</key>
				<string>libc++</string>
				<key>CLANG_ENABLE_MODULES</key>
				<string>YES</string>
				<key>CLANG_ENABLE_OBJC_ARC</key>
				<string>YES</string>
				<key>CLANG_WARN_BOOL_CONVERSION</key>
				<string>YES</string>
				<key>CLANG_WARN_CONSTANT_CONVERSION</key>
				<string>YES</string>
				<key>CLANG_WARN_DIRECT_OBJC_ISA_USAGE</key>
				<string>YES_ERROR</string>
				<key>CLANG_WARN_DOCUMENTATION_COMMENTS</key>
				<string>YES</string>
				<key>CLANG_WARN_EMPTY_BODY</key>
				<string>YES</string>
				<key>CLANG_WARN_ENUM_CONVERSION</key>
				<string>YES</string>
				<key>CLANG_WARN_INFINITE_RECURSION</key>
				<string>YES</string>
				<key>CLANG_WARN_INT_CONVERSION</key>
				<string>YES</string>
				<key>CLANG_WARN_OBJC_ROOT_CLASS</key>
				<string>YES_ERROR</string>
				<key>CLANG_WARN_SUSPICIOUS_MOVE</key>
				<string>YES</string>
				<key>CLANG_WARN_UNREACHABLE_CODE</key>
				<string>YES</string>
				<key>CLANG_WARN__DUPLICATE_METHOD_MATCH</key>
				<string>YES</string>
				<key>CODE_SIGN_IDENTITY[sdk=iphoneos*]</key>
				<string>iPhone Developer</string>
				<key>COPY_PHASE_STRIP</key>
				<string>NO</string>
				<key>DEBUG_INFORMATION_FORMAT</key>
				<string>dwarf-with-dsym</string>
				<key>ENABLE_NS_ASSERTIONS</key>
				<string>NO</string>
				<key>ENABLE_STRICT_OBJC_MSGSEND</key>
				<string>YES</string>
				<key>GCC_C_LANGUAGE_STANDARD</key>
				<string>gnu99</string>
				<key>GCC_NO_COMMON_BLOCKS</key>
				<string>YES</string>
				<key>GCC_WARN_64_TO_32_BIT_CONVERSION</key>
				<string>YES</string>
				<key>GCC_WARN_ABOUT_RETURN_TYPE</key>
				<string>YES_ERROR</string>
				<key>GCC_WARN_UNDECLARED_SELECTOR</key>
				<string>YES</string>
				<key>GCC_WARN_UNINITIALIZED_AUTOS</key>
				<string>YES_AGGRESSIVE</string>
				<key>GCC_WARN_UNUSED_FUNCTION</key>
				<string>YES</string>
				<key>GCC_WARN_UNUSED_VARIABLE</key>
				<string>YES</string>
				<key>IPHONEOS_DEPLOYMENT_TARGET</key>
				<string>10.3</string>
				<key>MTL_ENABLE_DEBUG_INFO</key>
				<string>NO</string>
				<key>SDKROOT</key>
				<string>iphoneos</string>
				<key>SWIFT_OPTIMIZATION_LEVEL</key>
				<string>-Owholemodule</string>
				<key>TARGETED_DEVICE_FAMILY</key>
				<string>1,2</string>
				<key>VALIDATE_PRODUCT</key>
				<string>YES</string>
			</dict>
			<key>isa</key>
			<string>XCBuildConfiguration</string>
			<key>name</key>
			<string>Release</string>
		</dict>
		<key>0FA4A4A61EC89C0D00F31F9A</key>
		<dict>
			<key>buildConfigurations</key>
			<array>
				<string>0FA4A4A71EC89C0D00F31F9A</string>
				<string>0FA4A4A81EC89C0D00F31F9A</string>
			</array>
			<key>defaultConfigurationIsVisible</key>
			<string>0</string>
			<key>defaultConfigurationName</key>
			<string>Release</string>
			<key>isa</key>
			<string>XCConfigurationList</string>
		</dict>
		<key>0FA4A4A71EC89C0D00F31F9A</key>
		<dict>
			<key>buildSettings</key>
			<dict>
				<key>ASSETCATALOG_COMPILER_APPICON_NAME</key>
				<string>AppIcon</string>
				<key>CODE_SIGN_ENTITLEMENTS</key>
				<string>Enfoca/Enfoca.entitlements</string>
				<key>DEVELOPMENT_TEAM</key>
				<string>KRNJ229R7J</string>
				<key>INFOPLIST_FILE</key>
				<string>Enfoca/Resources/Info.plist</string>
				<key>LD_RUNPATH_SEARCH_PATHS</key>
				<string>$(inherited) @executable_path/Frameworks</string>
				<key>PRODUCT_BUNDLE_IDENTIFIER</key>
				<string>org.ttdc.Enfoca</string>
				<key>PRODUCT_NAME</key>
				<string>$(TARGET_NAME)</string>
				<key>SWIFT_VERSION</key>
				<string>3.0</string>
			</dict>
			<key>isa</key>
			<string>XCBuildConfiguration</string>
			<key>name</key>
			<string>Debug</string>
		</dict>
		<key>0FA4A4A81EC89C0D00F31F9A</key>
		<dict>
			<key>buildSettings</key>
			<dict>
				<key>ASSETCATALOG_COMPILER_APPICON_NAME</key>
				<string>AppIcon</string>
				<key>CODE_SIGN_ENTITLEMENTS</key>
				<string>Enfoca/Enfoca.entitlements</string>
				<key>DEVELOPMENT_TEAM</key>
				<string>KRNJ229R7J</string>
				<key>INFOPLIST_FILE</key>
				<string>Enfoca/Resources/Info.plist</string>
				<key>LD_RUNPATH_SEARCH_PATHS</key>
				<string>$(inherited) @executable_path/Frameworks</string>
				<key>PRODUCT_BUNDLE_IDENTIFIER</key>
				<string>org.ttdc.Enfoca</string>
				<key>PRODUCT_NAME</key>
				<string>$(TARGET_NAME)</string>
				<key>SWIFT_OPTIMIZATION_LEVEL</key>
				<string>-Owholemodule</string>
				<key>SWIFT_VERSION</key>
				<string>3.0</string>
			</dict>
			<key>isa</key>
			<string>XCBuildConfiguration</string>
			<key>name</key>
			<string>Release</string>
		</dict>
		<key>0FA4A4A91EC89C0D00F31F9A</key>
		<dict>
			<key>buildConfigurations</key>
			<array>
				<string>0FA4A4AA1EC89C0D00F31F9A</string>
				<string>0FA4A4AB1EC89C0D00F31F9A</string>
			</array>
			<key>defaultConfigurationIsVisible</key>
			<string>0</string>
			<key>defaultConfigurationName</key>
			<string>Release</string>
			<key>isa</key>
			<string>XCConfigurationList</string>
		</dict>
		<key>0FA4A4AA1EC89C0D00F31F9A</key>
		<dict>
			<key>buildSettings</key>
			<dict>
				<key>ALWAYS_EMBED_SWIFT_STANDARD_LIBRARIES</key>
				<string>YES</string>
				<key>BUNDLE_LOADER</key>
				<string>$(TEST_HOST)</string>
				<key>DEVELOPMENT_TEAM</key>
				<string>KRNJ229R7J</string>
				<key>INFOPLIST_FILE</key>
				<string>EnfocaTests/Resources/Info.plist</string>
				<key>LD_RUNPATH_SEARCH_PATHS</key>
				<string>$(inherited) @executable_path/Frameworks @loader_path/Frameworks</string>
				<key>PRODUCT_BUNDLE_IDENTIFIER</key>
				<string>org.ttdc.EnfocaTests</string>
				<key>PRODUCT_NAME</key>
				<string>$(TARGET_NAME)</string>
				<key>SWIFT_VERSION</key>
				<string>3.0</string>
				<key>TEST_HOST</key>
				<string>$(BUILT_PRODUCTS_DIR)/Enfoca.app/Enfoca</string>
			</dict>
			<key>isa</key>
			<string>XCBuildConfiguration</string>
			<key>name</key>
			<string>Debug</string>
		</dict>
		<key>0FA4A4AB1EC89C0D00F31F9A</key>
		<dict>
			<key>buildSettings</key>
			<dict>
				<key>ALWAYS_EMBED_SWIFT_STANDARD_LIBRARIES</key>
				<string>YES</string>
				<key>BUNDLE_LOADER</key>
				<string>$(TEST_HOST)</string>
				<key>DEVELOPMENT_TEAM</key>
				<string>KRNJ229R7J</string>
				<key>INFOPLIST_FILE</key>
				<string>EnfocaTests/Resources/Info.plist</string>
				<key>LD_RUNPATH_SEARCH_PATHS</key>
				<string>$(inherited) @executable_path/Frameworks @loader_path/Frameworks</string>
				<key>PRODUCT_BUNDLE_IDENTIFIER</key>
				<string>org.ttdc.EnfocaTests</string>
				<key>PRODUCT_NAME</key>
				<string>$(TARGET_NAME)</string>
				<key>SWIFT_VERSION</key>
				<string>3.0</string>
				<key>TEST_HOST</key>
				<string>$(BUILT_PRODUCTS_DIR)/Enfoca.app/Enfoca</string>
			</dict>
			<key>isa</key>
			<string>XCBuildConfiguration</string>
			<key>name</key>
			<string>Release</string>
		</dict>
		<key>0FA4A4AD1EC89DEF00F31F9A</key>
		<dict>
			<key>children</key>
			<array>
				<string>0FA4A4AE1EC89DEF00F31F9A</string>
			</array>
			<key>isa</key>
			<string>PBXGroup</string>
			<key>name</key>
			<string>Frameworks</string>
			<key>sourceTree</key>
			<string>&lt;group&gt;</string>
		</dict>
		<key>0FA4A4AE1EC89DEF00F31F9A</key>
		<dict>
			<key>isa</key>
			<string>PBXFileReference</string>
			<key>lastKnownFileType</key>
			<string>wrapper.framework</string>
			<key>name</key>
			<string>CloudKit.framework</string>
			<key>path</key>
			<string>System/Library/Frameworks/CloudKit.framework</string>
			<key>sourceTree</key>
			<string>SDKROOT</string>
		</dict>
		<key>0FA4A4AF1EC89DEF00F31F9A</key>
		<dict>
			<key>fileRef</key>
			<string>0FA4A4AE1EC89DEF00F31F9A</string>
			<key>isa</key>
			<string>PBXBuildFile</string>
		</dict>
		<key>0FA4A4B01EC8A37200F31F9A</key>
		<dict>
			<key>children</key>
			<array>
				<string>0FA4A48C1EC89C0D00F31F9A</string>
			</array>
			<key>isa</key>
			<string>PBXGroup</string>
			<key>path</key>
			<string>Core</string>
			<key>sourceTree</key>
			<string>&lt;group&gt;</string>
		</dict>
		<key>0FA4A4B31EC8A46200F31F9A</key>
		<dict>
			<key>children</key>
			<array>
				<string>0FA4A4CC1EC8CCC000F31F9A</string>
			</array>
			<key>isa</key>
			<string>PBXGroup</string>
			<key>path</key>
			<string>Resources</string>
			<key>sourceTree</key>
			<string>&lt;group&gt;</string>
		</dict>
		<key>0FA4A4B41EC8A56200F31F9A</key>
		<dict>
			<key>children</key>
			<array>
				<string>0FA4A4B51EC8A56F00F31F9A</string>
			</array>
			<key>isa</key>
			<string>PBXGroup</string>
			<key>path</key>
			<string>Features</string>
			<key>sourceTree</key>
			<string>&lt;group&gt;</string>
		</dict>
		<key>0FA4A4B51EC8A56F00F31F9A</key>
		<dict>
			<key>children</key>
			<array>
				<string>0FA4A4B61EC8A69000F31F9A</string>
				<string>0FA4A4B81EC8ADF400F31F9A</string>
			</array>
			<key>isa</key>
			<string>PBXGroup</string>
			<key>path</key>
			<string>Loading</string>
			<key>sourceTree</key>
			<string>&lt;group&gt;</string>
		</dict>
		<key>0FA4A4B61EC8A69000F31F9A</key>
		<dict>
			<key>fileEncoding</key>
			<string>4</string>
			<key>isa</key>
			<string>PBXFileReference</string>
			<key>lastKnownFileType</key>
			<string>file.storyboard</string>
			<key>path</key>
			<string>Loading.storyboard</string>
			<key>sourceTree</key>
			<string>&lt;group&gt;</string>
		</dict>
		<key>0FA4A4B71EC8A69000F31F9A</key>
		<dict>
			<key>fileRef</key>
			<string>0FA4A4B61EC8A69000F31F9A</string>
			<key>isa</key>
			<string>PBXBuildFile</string>
		</dict>
		<key>0FA4A4B81EC8ADF400F31F9A</key>
		<dict>
			<key>fileEncoding</key>
			<string>4</string>
			<key>isa</key>
			<string>PBXFileReference</string>
			<key>lastKnownFileType</key>
			<string>sourcecode.swift</string>
			<key>path</key>
			<string>LoadingViewController.swift</string>
			<key>sourceTree</key>
			<string>&lt;group&gt;</string>
		</dict>
		<key>0FA4A4B91EC8ADF400F31F9A</key>
		<dict>
			<key>fileRef</key>
			<string>0FA4A4B81EC8ADF400F31F9A</string>
			<key>isa</key>
			<string>PBXBuildFile</string>
		</dict>
		<key>0FA4A4BA1EC8B02300F31F9A</key>
		<dict>
			<key>children</key>
			<array>
				<string>0FA4A5081EC8EB1700F31F9A</string>
				<string>0FA4A5031EC8EACD00F31F9A</string>
				<string>0FA4A4F91EC8E9AF00F31F9A</string>
				<string>0FA4A4FC1EC8E9AF00F31F9A</string>
			</array>
			<key>isa</key>
			<string>PBXGroup</string>
			<key>path</key>
			<string>Shared</string>
			<key>sourceTree</key>
			<string>&lt;group&gt;</string>
		</dict>
		<key>0FA4A4BE1EC8C98000F31F9A</key>
		<dict>
			<key>fileEncoding</key>
			<string>4</string>
			<key>isa</key>
			<string>PBXFileReference</string>
			<key>lastKnownFileType</key>
			<string>text.plist.entitlements</string>
			<key>path</key>
			<string>Enfoca.entitlements</string>
			<key>sourceTree</key>
			<string>&lt;group&gt;</string>
		</dict>
		<key>0FA4A4C71EC8CBA100F31F9A</key>
		<dict>
			<key>fileEncoding</key>
			<string>4</string>
			<key>isa</key>
			<string>PBXFileReference</string>
			<key>lastKnownFileType</key>
			<string>text.plist.xml</string>
			<key>path</key>
			<string>Info.plist</string>
			<key>sourceTree</key>
			<string>&lt;group&gt;</string>
		</dict>
		<key>0FA4A4CB1EC8CC8A00F31F9A</key>
		<dict>
			<key>children</key>
			<array>
				<string>0FA4A4C71EC8CBA100F31F9A</string>
			</array>
			<key>isa</key>
			<string>PBXGroup</string>
			<key>path</key>
			<string>Resources</string>
			<key>sourceTree</key>
			<string>&lt;group&gt;</string>
		</dict>
		<key>0FA4A4CC1EC8CCC000F31F9A</key>
		<dict>
			<key>fileEncoding</key>
			<string>4</string>
			<key>isa</key>
			<string>PBXFileReference</string>
			<key>lastKnownFileType</key>
			<string>text.plist.xml</string>
			<key>path</key>
			<string>Info.plist</string>
			<key>sourceTree</key>
			<string>&lt;group&gt;</string>
		</dict>
		<key>0FA4A4D41EC8E91E00F31F9A</key>
		<dict>
			<key>fileEncoding</key>
			<string>4</string>
			<key>isa</key>
			<string>PBXFileReference</string>
			<key>lastKnownFileType</key>
			<string>sourcecode.swift</string>
			<key>name</key>
			<string>CardOrder.swift</string>
			<key>path</key>
			<string>CardOrder.swift</string>
			<key>sourceTree</key>
			<string>&lt;group&gt;</string>
		</dict>
		<key>0FA4A4D51EC8E91E00F31F9A</key>
		<dict>
			<key>fileEncoding</key>
			<string>4</string>
			<key>isa</key>
			<string>PBXFileReference</string>
			<key>lastKnownFileType</key>
			<string>sourcecode.swift</string>
			<key>name</key>
			<string>CardSide.swift</string>
			<key>path</key>
			<string>CardSide.swift</string>
			<key>sourceTree</key>
			<string>&lt;group&gt;</string>
		</dict>
		<key>0FA4A4D61EC8E91E00F31F9A</key>
		<dict>
			<key>fileEncoding</key>
			<string>4</string>
			<key>isa</key>
			<string>PBXFileReference</string>
			<key>lastKnownFileType</key>
			<string>sourcecode.swift</string>
			<key>name</key>
			<string>Gender.swift</string>
			<key>path</key>
			<string>Gender.swift</string>
			<key>sourceTree</key>
			<string>&lt;group&gt;</string>
		</dict>
		<key>0FA4A4D71EC8E91E00F31F9A</key>
		<dict>
			<key>fileEncoding</key>
			<string>4</string>
			<key>isa</key>
			<string>PBXFileReference</string>
			<key>lastKnownFileType</key>
			<string>sourcecode.swift</string>
			<key>name</key>
			<string>JsonDateFormatter.swift</string>
			<key>path</key>
			<string>JsonDateFormatter.swift</string>
			<key>sourceTree</key>
			<string>&lt;group&gt;</string>
		</dict>
		<key>0FA4A4D81EC8E91E00F31F9A</key>
		<dict>
			<key>fileEncoding</key>
			<string>4</string>
			<key>isa</key>
			<string>PBXFileReference</string>
			<key>lastKnownFileType</key>
			<string>sourcecode.swift</string>
			<key>name</key>
			<string>MetaData.swift</string>
			<key>path</key>
			<string>MetaData.swift</string>
			<key>sourceTree</key>
			<string>&lt;group&gt;</string>
		</dict>
		<key>0FA4A4D91EC8E91E00F31F9A</key>
		<dict>
			<key>fileEncoding</key>
			<string>4</string>
			<key>isa</key>
			<string>PBXFileReference</string>
			<key>lastKnownFileType</key>
			<string>sourcecode.swift</string>
			<key>name</key>
			<string>Tag.swift</string>
			<key>path</key>
			<string>Tag.swift</string>
			<key>sourceTree</key>
			<string>&lt;group&gt;</string>
		</dict>
		<key>0FA4A4DA1EC8E91E00F31F9A</key>
		<dict>
			<key>fileEncoding</key>
			<string>4</string>
			<key>isa</key>
			<string>PBXFileReference</string>
			<key>lastKnownFileType</key>
			<string>sourcecode.swift</string>
			<key>name</key>
			<string>TagAssociation.swift</string>
			<key>path</key>
			<string>TagAssociation.swift</string>
			<key>sourceTree</key>
			<string>&lt;group&gt;</string>
		</dict>
		<key>0FA4A4DB1EC8E91E00F31F9A</key>
		<dict>
			<key>fileEncoding</key>
			<string>4</string>
			<key>isa</key>
			<string>PBXFileReference</string>
			<key>lastKnownFileType</key>
			<string>sourcecode.swift</string>
			<key>name</key>
			<string>User.swift</string>
			<key>path</key>
			<string>User.swift</string>
			<key>sourceTree</key>
			<string>&lt;group&gt;</string>
		</dict>
		<key>0FA4A4DC1EC8E91E00F31F9A</key>
		<dict>
			<key>fileEncoding</key>
			<string>4</string>
			<key>isa</key>
			<string>PBXFileReference</string>
			<key>lastKnownFileType</key>
			<string>sourcecode.swift</string>
			<key>name</key>
			<string>WordPair.swift</string>
			<key>path</key>
			<string>WordPair.swift</string>
			<key>sourceTree</key>
			<string>&lt;group&gt;</string>
		</dict>
		<key>0FA4A4DD1EC8E91E00F31F9A</key>
		<dict>
			<key>fileEncoding</key>
			<string>4</string>
			<key>isa</key>
			<string>PBXFileReference</string>
			<key>lastKnownFileType</key>
			<string>sourcecode.swift</string>
			<key>name</key>
			<string>WordPairOrder.swift</string>
			<key>path</key>
			<string>WordPairOrder.swift</string>
			<key>sourceTree</key>
			<string>&lt;group&gt;</string>
		</dict>
		<key>0FA4A4DE1EC8E91E00F31F9A</key>
		<dict>
			<key>fileRef</key>
			<string>0FA4A4D41EC8E91E00F31F9A</string>
			<key>isa</key>
			<string>PBXBuildFile</string>
		</dict>
		<key>0FA4A4DF1EC8E91E00F31F9A</key>
		<dict>
			<key>fileRef</key>
			<string>0FA4A4D51EC8E91E00F31F9A</string>
			<key>isa</key>
			<string>PBXBuildFile</string>
		</dict>
		<key>0FA4A4E01EC8E91E00F31F9A</key>
		<dict>
			<key>fileRef</key>
			<string>0FA4A4D61EC8E91E00F31F9A</string>
			<key>isa</key>
			<string>PBXBuildFile</string>
		</dict>
		<key>0FA4A4E11EC8E91E00F31F9A</key>
		<dict>
			<key>fileRef</key>
			<string>0FA4A4D71EC8E91E00F31F9A</string>
			<key>isa</key>
			<string>PBXBuildFile</string>
		</dict>
		<key>0FA4A4E21EC8E91E00F31F9A</key>
		<dict>
			<key>fileRef</key>
			<string>0FA4A4D81EC8E91E00F31F9A</string>
			<key>isa</key>
			<string>PBXBuildFile</string>
		</dict>
		<key>0FA4A4E31EC8E91E00F31F9A</key>
		<dict>
			<key>fileRef</key>
			<string>0FA4A4D91EC8E91E00F31F9A</string>
			<key>isa</key>
			<string>PBXBuildFile</string>
		</dict>
		<key>0FA4A4E41EC8E91E00F31F9A</key>
		<dict>
			<key>fileRef</key>
			<string>0FA4A4DA1EC8E91E00F31F9A</string>
			<key>isa</key>
			<string>PBXBuildFile</string>
		</dict>
		<key>0FA4A4E51EC8E91E00F31F9A</key>
		<dict>
			<key>fileRef</key>
			<string>0FA4A4DB1EC8E91E00F31F9A</string>
			<key>isa</key>
			<string>PBXBuildFile</string>
		</dict>
		<key>0FA4A4E61EC8E91E00F31F9A</key>
		<dict>
			<key>fileRef</key>
			<string>0FA4A4DC1EC8E91E00F31F9A</string>
			<key>isa</key>
			<string>PBXBuildFile</string>
		</dict>
		<key>0FA4A4E71EC8E91E00F31F9A</key>
		<dict>
			<key>fileRef</key>
			<string>0FA4A4DD1EC8E91E00F31F9A</string>
			<key>isa</key>
			<string>PBXBuildFile</string>
		</dict>
		<key>0FA4A4E81EC8E92500F31F9A</key>
		<dict>
			<key>children</key>
			<array>
				<string>0FA4A4D41EC8E91E00F31F9A</string>
				<string>0FA4A4D51EC8E91E00F31F9A</string>
				<string>0FA4A4D61EC8E91E00F31F9A</string>
				<string>0FA4A4D71EC8E91E00F31F9A</string>
				<string>0FA4A4D81EC8E91E00F31F9A</string>
				<string>0FA4A4D91EC8E91E00F31F9A</string>
				<string>0FA4A4DA1EC8E91E00F31F9A</string>
				<string>0FA4A4DB1EC8E91E00F31F9A</string>
				<string>0FA4A4DC1EC8E91E00F31F9A</string>
				<string>0FA4A4DD1EC8E91E00F31F9A</string>
			</array>
			<key>isa</key>
			<string>PBXGroup</string>
			<key>name</key>
			<string>Models</string>
			<key>path</key>
			<string>Models</string>
			<key>sourceTree</key>
			<string>&lt;group&gt;</string>
		</dict>
		<key>0FA4A4E91EC8E94700F31F9A</key>
		<dict>
			<key>fileEncoding</key>
			<string>4</string>
			<key>isa</key>
			<string>PBXFileReference</string>
			<key>lastKnownFileType</key>
			<string>sourcecode.swift</string>
			<key>name</key>
			<string>CloudKitWebService.swift</string>
			<key>path</key>
			<string>CloudKitWebService.swift</string>
			<key>sourceTree</key>
			<string>&lt;group&gt;</string>
		</dict>
		<key>0FA4A4EA1EC8E94700F31F9A</key>
		<dict>
			<key>fileEncoding</key>
			<string>4</string>
			<key>isa</key>
			<string>PBXFileReference</string>
			<key>lastKnownFileType</key>
			<string>sourcecode.swift</string>
			<key>name</key>
			<string>DataStore.swift</string>
			<key>path</key>
			<string>DataStore.swift</string>
			<key>sourceTree</key>
			<string>&lt;group&gt;</string>
		</dict>
		<key>0FA4A4EB1EC8E94700F31F9A</key>
		<dict>
			<key>fileEncoding</key>
			<string>4</string>
			<key>isa</key>
			<string>PBXFileReference</string>
			<key>lastKnownFileType</key>
			<string>sourcecode.swift</string>
			<key>name</key>
			<string>DemoWebService.swift</string>
			<key>path</key>
			<string>DemoWebService.swift</string>
			<key>sourceTree</key>
			<string>&lt;group&gt;</string>
		</dict>
		<key>0FA4A4EC1EC8E94700F31F9A</key>
		<dict>
			<key>fileEncoding</key>
			<string>4</string>
			<key>isa</key>
			<string>PBXFileReference</string>
			<key>lastKnownFileType</key>
			<string>sourcecode.swift</string>
			<key>name</key>
			<string>LocalCloudKitWebService.swift</string>
			<key>path</key>
			<string>LocalCloudKitWebService.swift</string>
			<key>sourceTree</key>
			<string>&lt;group&gt;</string>
		</dict>
		<key>0FA4A4ED1EC8E94700F31F9A</key>
		<dict>
			<key>fileEncoding</key>
			<string>4</string>
			<key>isa</key>
			<string>PBXFileReference</string>
			<key>lastKnownFileType</key>
			<string>sourcecode.swift</string>
			<key>name</key>
			<string>ProgressObserver.swift</string>
			<key>path</key>
			<string>ProgressObserver.swift</string>
			<key>sourceTree</key>
			<string>&lt;group&gt;</string>
		</dict>
		<key>0FA4A4EE1EC8E94700F31F9A</key>
		<dict>
			<key>fileEncoding</key>
			<string>4</string>
			<key>isa</key>
			<string>PBXFileReference</string>
			<key>lastKnownFileType</key>
			<string>sourcecode.swift</string>
			<key>name</key>
			<string>WebService.swift</string>
			<key>path</key>
			<string>WebService.swift</string>
			<key>sourceTree</key>
			<string>&lt;group&gt;</string>
		</dict>
		<key>0FA4A4EF1EC8E94700F31F9A</key>
		<dict>
			<key>fileRef</key>
			<string>0FA4A4E91EC8E94700F31F9A</string>
			<key>isa</key>
			<string>PBXBuildFile</string>
		</dict>
		<key>0FA4A4F01EC8E94700F31F9A</key>
		<dict>
			<key>fileRef</key>
			<string>0FA4A4EA1EC8E94700F31F9A</string>
			<key>isa</key>
			<string>PBXBuildFile</string>
		</dict>
		<key>0FA4A4F11EC8E94700F31F9A</key>
		<dict>
			<key>fileRef</key>
			<string>0FA4A4EB1EC8E94700F31F9A</string>
			<key>isa</key>
			<string>PBXBuildFile</string>
		</dict>
		<key>0FA4A4F21EC8E94700F31F9A</key>
		<dict>
			<key>fileRef</key>
			<string>0FA4A4EC1EC8E94700F31F9A</string>
			<key>isa</key>
			<string>PBXBuildFile</string>
		</dict>
		<key>0FA4A4F31EC8E94700F31F9A</key>
		<dict>
			<key>fileRef</key>
			<string>0FA4A4ED1EC8E94700F31F9A</string>
			<key>isa</key>
			<string>PBXBuildFile</string>
		</dict>
		<key>0FA4A4F41EC8E94700F31F9A</key>
		<dict>
			<key>fileRef</key>
			<string>0FA4A4EE1EC8E94700F31F9A</string>
			<key>isa</key>
			<string>PBXBuildFile</string>
		</dict>
		<key>0FA4A4F51EC8E94D00F31F9A</key>
		<dict>
			<key>children</key>
			<array>
				<string>0FA4A50F1EC8EC5200F31F9A</string>
				<string>0FA4A4E91EC8E94700F31F9A</string>
				<string>0FA4A4EA1EC8E94700F31F9A</string>
				<string>0FA4A4EB1EC8E94700F31F9A</string>
				<string>0FA4A4EC1EC8E94700F31F9A</string>
				<string>0FA4A4ED1EC8E94700F31F9A</string>
				<string>0FA4A4EE1EC8E94700F31F9A</string>
			</array>
			<key>isa</key>
			<string>PBXGroup</string>
			<key>name</key>
			<string>Network</string>
			<key>path</key>
			<string>Network</string>
			<key>sourceTree</key>
			<string>&lt;group&gt;</string>
		</dict>
		<key>0FA4A4F91EC8E9AF00F31F9A</key>
		<dict>
			<key>fileEncoding</key>
			<string>4</string>
			<key>isa</key>
			<string>PBXFileReference</string>
			<key>lastKnownFileType</key>
			<string>sourcecode.swift</string>
			<key>path</key>
			<string>EnfocaError.swift</string>
			<key>sourceTree</key>
			<string>&lt;group&gt;</string>
		</dict>
		<key>0FA4A4FC1EC8E9AF00F31F9A</key>
		<dict>
			<key>fileEncoding</key>
			<string>4</string>
			<key>isa</key>
			<string>PBXFileReference</string>
			<key>lastKnownFileType</key>
			<string>sourcecode.swift</string>
			<key>path</key>
			<string>TypeAliases.swift</string>
			<key>sourceTree</key>
			<string>&lt;group&gt;</string>
		</dict>
		<key>0FA4A4FE1EC8E9AF00F31F9A</key>
		<dict>
			<key>fileRef</key>
			<string>0FA4A4F91EC8E9AF00F31F9A</string>
			<key>isa</key>
			<string>PBXBuildFile</string>
		</dict>
		<key>0FA4A5011EC8E9AF00F31F9A</key>
		<dict>
			<key>fileRef</key>
			<string>0FA4A4FC1EC8E9AF00F31F9A</string>
			<key>isa</key>
			<string>PBXBuildFile</string>
		</dict>
		<key>0FA4A5031EC8EACD00F31F9A</key>
		<dict>
			<key>children</key>
			<array>
				<string>0FA4A5041EC8EAF100F31F9A</string>
				<string>0FA4A5501EC8EE5B00F31F9A</string>
			</array>
			<key>isa</key>
			<string>PBXGroup</string>
			<key>name</key>
			<string>Utilities</string>
			<key>path</key>
			<string>Utilities</string>
			<key>sourceTree</key>
			<string>&lt;group&gt;</string>
		</dict>
		<key>0FA4A5041EC8EAF100F31F9A</key>
		<dict>
			<key>fileEncoding</key>
			<string>4</string>
			<key>isa</key>
			<string>PBXFileReference</string>
			<key>lastKnownFileType</key>
			<string>sourcecode.swift</string>
			<key>name</key>
			<string>EnumCollection.swift</string>
			<key>path</key>
			<string>EnumCollection.swift</string>
			<key>sourceTree</key>
			<string>&lt;group&gt;</string>
		</dict>
		<key>0FA4A5061EC8EAF100F31F9A</key>
		<dict>
			<key>fileRef</key>
			<string>0FA4A5041EC8EAF100F31F9A</string>
			<key>isa</key>
			<string>PBXBuildFile</string>
		</dict>
		<key>0FA4A5081EC8EB1700F31F9A</key>
		<dict>
			<key>children</key>
			<array>
				<string>0FA4A5091EC8EB2500F31F9A</string>
				<string>0FA4A50A1EC8EB2500F31F9A</string>
				<string>0FA4A50B1EC8EB2500F31F9A</string>
			</array>
			<key>isa</key>
			<string>PBXGroup</string>
			<key>name</key>
			<string>Extensions</string>
			<key>path</key>
			<string>Extensions</string>
			<key>sourceTree</key>
			<string>&lt;group&gt;</string>
		</dict>
		<key>0FA4A5091EC8EB2500F31F9A</key>
		<dict>
			<key>fileEncoding</key>
			<string>4</string>
			<key>isa</key>
			<string>PBXFileReference</string>
			<key>lastKnownFileType</key>
			<string>sourcecode.swift</string>
			<key>name</key>
			<string>Sequence+.swift</string>
			<key>path</key>
			<string>Sequence+.swift</string>
			<key>sourceTree</key>
			<string>&lt;group&gt;</string>
		</dict>
		<key>0FA4A50A1EC8EB2500F31F9A</key>
		<dict>
			<key>fileEncoding</key>
			<string>4</string>
			<key>isa</key>
			<string>PBXFileReference</string>
			<key>lastKnownFileType</key>
			<string>sourcecode.swift</string>
			<key>name</key>
			<string>UITableView+.swift</string>
			<key>path</key>
			<string>UITableView+.swift</string>
			<key>sourceTree</key>
			<string>&lt;group&gt;</string>
		</dict>
		<key>0FA4A50B1EC8EB2500F31F9A</key>
		<dict>
			<key>fileEncoding</key>
			<string>4</string>
			<key>isa</key>
			<string>PBXFileReference</string>
			<key>lastKnownFileType</key>
			<string>sourcecode.swift</string>
			<key>name</key>
			<string>UIViewController+.swift</string>
			<key>path</key>
			<string>UIViewController+.swift</string>
			<key>sourceTree</key>
			<string>&lt;group&gt;</string>
		</dict>
		<key>0FA4A50C1EC8EB2500F31F9A</key>
		<dict>
			<key>fileRef</key>
			<string>0FA4A5091EC8EB2500F31F9A</string>
			<key>isa</key>
			<string>PBXBuildFile</string>
		</dict>
		<key>0FA4A50D1EC8EB2500F31F9A</key>
		<dict>
			<key>fileRef</key>
			<string>0FA4A50A1EC8EB2500F31F9A</string>
			<key>isa</key>
			<string>PBXBuildFile</string>
		</dict>
		<key>0FA4A50E1EC8EB2500F31F9A</key>
		<dict>
			<key>fileRef</key>
			<string>0FA4A50B1EC8EB2500F31F9A</string>
			<key>isa</key>
			<string>PBXBuildFile</string>
		</dict>
		<key>0FA4A50F1EC8EC5200F31F9A</key>
		<dict>
			<key>children</key>
			<array>
				<string>0FA4A5101EC8EC5A00F31F9A</string>
				<string>0FA4A5111EC8EC5F00F31F9A</string>
			</array>
			<key>isa</key>
			<string>PBXGroup</string>
			<key>name</key>
			<string>Operations</string>
			<key>path</key>
			<string>Operations</string>
			<key>sourceTree</key>
			<string>&lt;group&gt;</string>
		</dict>
		<key>0FA4A5101EC8EC5A00F31F9A</key>
		<dict>
			<key>children</key>
			<array>
				<string>0FA4A51A1EC8EC7E00F31F9A</string>
				<string>0FA4A5331EC8ECAB00F31F9A</string>
				<string>0FA4A5381EC8ECBB00F31F9A</string>
				<string>0FA4A5391EC8ECC400F31F9A</string>
				<string>0FA4A5291EC8EC9C00F31F9A</string>
				<string>0FA4A52A1EC8EC9C00F31F9A</string>
				<string>0FA4A52B1EC8EC9C00F31F9A</string>
				<string>0FA4A52F1EC8ECA500F31F9A</string>
				<string>0FA4A5301EC8ECA500F31F9A</string>
			</array>
			<key>isa</key>
			<string>PBXGroup</string>
			<key>name</key>
			<string>Core</string>
			<key>path</key>
			<string>Core</string>
			<key>sourceTree</key>
			<string>&lt;group&gt;</string>
		</dict>
		<key>0FA4A5111EC8EC5F00F31F9A</key>
		<dict>
			<key>children</key>
			<array>
				<string>0FA4A5121EC8EC6E00F31F9A</string>
				<string>0FA4A5141EC8EC6E00F31F9A</string>
				<string>0FA4A5151EC8EC6E00F31F9A</string>
				<string>0FA4A5131EC8EC6E00F31F9A</string>
			</array>
			<key>isa</key>
			<string>PBXGroup</string>
			<key>name</key>
			<string>Public</string>
			<key>path</key>
			<string>Public</string>
			<key>sourceTree</key>
			<string>&lt;group&gt;</string>
		</dict>
		<key>0FA4A5121EC8EC6E00F31F9A</key>
		<dict>
			<key>fileEncoding</key>
			<string>4</string>
			<key>isa</key>
			<string>PBXFileReference</string>
			<key>lastKnownFileType</key>
			<string>sourcecode.swift</string>
			<key>name</key>
			<string>ErrorDelegate.swift</string>
			<key>path</key>
			<string>ErrorDelegate.swift</string>
			<key>sourceTree</key>
			<string>&lt;group&gt;</string>
		</dict>
		<key>0FA4A5131EC8EC6E00F31F9A</key>
		<dict>
			<key>fileEncoding</key>
			<string>4</string>
			<key>isa</key>
			<string>PBXFileReference</string>
			<key>lastKnownFileType</key>
			<string>sourcecode.swift</string>
			<key>name</key>
			<string>Perform.swift</string>
			<key>path</key>
			<string>Perform.swift</string>
			<key>sourceTree</key>
			<string>&lt;group&gt;</string>
		</dict>
		<key>0FA4A5141EC8EC6E00F31F9A</key>
		<dict>
			<key>fileEncoding</key>
			<string>4</string>
			<key>isa</key>
			<string>PBXFileReference</string>
			<key>lastKnownFileType</key>
			<string>sourcecode.swift</string>
			<key>name</key>
			<string>Perform+Tags.swift</string>
			<key>path</key>
			<string>Perform+Tags.swift</string>
			<key>sourceTree</key>
			<string>&lt;group&gt;</string>
		</dict>
		<key>0FA4A5151EC8EC6E00F31F9A</key>
		<dict>
			<key>fileEncoding</key>
			<string>4</string>
			<key>isa</key>
			<string>PBXFileReference</string>
			<key>lastKnownFileType</key>
			<string>sourcecode.swift</string>
			<key>name</key>
			<string>Perform+WordPair.swift</string>
			<key>path</key>
			<string>Perform+WordPair.swift</string>
			<key>sourceTree</key>
			<string>&lt;group&gt;</string>
		</dict>
		<key>0FA4A5161EC8EC6E00F31F9A</key>
		<dict>
			<key>fileRef</key>
			<string>0FA4A5121EC8EC6E00F31F9A</string>
			<key>isa</key>
			<string>PBXBuildFile</string>
		</dict>
		<key>0FA4A5171EC8EC6E00F31F9A</key>
		<dict>
			<key>fileRef</key>
			<string>0FA4A5131EC8EC6E00F31F9A</string>
			<key>isa</key>
			<string>PBXBuildFile</string>
		</dict>
		<key>0FA4A5181EC8EC6E00F31F9A</key>
		<dict>
			<key>fileRef</key>
			<string>0FA4A5141EC8EC6E00F31F9A</string>
			<key>isa</key>
			<string>PBXBuildFile</string>
		</dict>
		<key>0FA4A5191EC8EC6E00F31F9A</key>
		<dict>
			<key>fileRef</key>
			<string>0FA4A5151EC8EC6E00F31F9A</string>
			<key>isa</key>
			<string>PBXBuildFile</string>
		</dict>
		<key>0FA4A51A1EC8EC7E00F31F9A</key>
		<dict>
			<key>children</key>
			<array>
				<string>0FA4A51B1EC8EC9000F31F9A</string>
				<string>0FA4A51C1EC8EC9000F31F9A</string>
				<string>0FA4A51D1EC8EC9000F31F9A</string>
				<string>0FA4A51E1EC8EC9000F31F9A</string>
				<string>0FA4A51F1EC8EC9000F31F9A</string>
				<string>0FA4A5201EC8EC9000F31F9A</string>
				<string>0FA4A5211EC8EC9000F31F9A</string>
			</array>
			<key>isa</key>
			<string>PBXGroup</string>
			<key>name</key>
			<string>Authentication</string>
			<key>path</key>
			<string>Authentication</string>
			<key>sourceTree</key>
			<string>&lt;group&gt;</string>
		</dict>
		<key>0FA4A51B1EC8EC9000F31F9A</key>
		<dict>
			<key>fileEncoding</key>
			<string>4</string>
			<key>isa</key>
			<string>PBXFileReference</string>
			<key>lastKnownFileType</key>
			<string>sourcecode.swift</string>
			<key>name</key>
			<string>BaseUserOperation.swift</string>
			<key>path</key>
			<string>BaseUserOperation.swift</string>
			<key>sourceTree</key>
			<string>&lt;group&gt;</string>
		</dict>
		<key>0FA4A51C1EC8EC9000F31F9A</key>
		<dict>
			<key>fileEncoding</key>
			<string>4</string>
			<key>isa</key>
			<string>PBXFileReference</string>
			<key>lastKnownFileType</key>
			<string>sourcecode.swift</string>
			<key>name</key>
			<string>CloudAuthOperation.swift</string>
			<key>path</key>
			<string>CloudAuthOperation.swift</string>
			<key>sourceTree</key>
			<string>&lt;group&gt;</string>
		</dict>
		<key>0FA4A51D1EC8EC9000F31F9A</key>
		<dict>
			<key>fileEncoding</key>
			<string>4</string>
			<key>isa</key>
			<string>PBXFileReference</string>
			<key>lastKnownFileType</key>
			<string>sourcecode.swift</string>
			<key>name</key>
			<string>FetchIncrementAndSaveSeedIfNecessary.swift</string>
			<key>path</key>
			<string>FetchIncrementAndSaveSeedIfNecessary.swift</string>
			<key>sourceTree</key>
			<string>&lt;group&gt;</string>
		</dict>
		<key>0FA4A51E1EC8EC9000F31F9A</key>
		<dict>
			<key>fileEncoding</key>
			<string>4</string>
			<key>isa</key>
			<string>PBXFileReference</string>
			<key>lastKnownFileType</key>
			<string>sourcecode.swift</string>
			<key>name</key>
			<string>FetchOrCreateEnfocaId.swift</string>
			<key>path</key>
			<string>FetchOrCreateEnfocaId.swift</string>
			<key>sourceTree</key>
			<string>&lt;group&gt;</string>
		</dict>
		<key>0FA4A51F1EC8EC9000F31F9A</key>
		<dict>
			<key>fileEncoding</key>
			<string>4</string>
			<key>isa</key>
			<string>PBXFileReference</string>
			<key>lastKnownFileType</key>
			<string>sourcecode.swift</string>
			<key>name</key>
			<string>FetchUserRecordId.swift</string>
			<key>path</key>
			<string>FetchUserRecordId.swift</string>
			<key>sourceTree</key>
			<string>&lt;group&gt;</string>
		</dict>
		<key>0FA4A5201EC8EC9000F31F9A</key>
		<dict>
			<key>fileEncoding</key>
			<string>4</string>
			<key>isa</key>
			<string>PBXFileReference</string>
			<key>lastKnownFileType</key>
			<string>sourcecode.swift</string>
			<key>name</key>
			<string>FetchUserRecordOperation.swift</string>
			<key>path</key>
			<string>FetchUserRecordOperation.swift</string>
			<key>sourceTree</key>
			<string>&lt;group&gt;</string>
		</dict>
		<key>0FA4A5211EC8EC9000F31F9A</key>
		<dict>
			<key>fileEncoding</key>
			<string>4</string>
			<key>isa</key>
			<string>PBXFileReference</string>
			<key>lastKnownFileType</key>
			<string>sourcecode.swift</string>
			<key>name</key>
			<string>InternalUser.swift</string>
			<key>path</key>
			<string>InternalUser.swift</string>
			<key>sourceTree</key>
			<string>&lt;group&gt;</string>
		</dict>
		<key>0FA4A5221EC8EC9000F31F9A</key>
		<dict>
			<key>fileRef</key>
			<string>0FA4A51B1EC8EC9000F31F9A</string>
			<key>isa</key>
			<string>PBXBuildFile</string>
		</dict>
		<key>0FA4A5231EC8EC9000F31F9A</key>
		<dict>
			<key>fileRef</key>
			<string>0FA4A51C1EC8EC9000F31F9A</string>
			<key>isa</key>
			<string>PBXBuildFile</string>
		</dict>
		<key>0FA4A5241EC8EC9000F31F9A</key>
		<dict>
			<key>fileRef</key>
			<string>0FA4A51D1EC8EC9000F31F9A</string>
			<key>isa</key>
			<string>PBXBuildFile</string>
		</dict>
		<key>0FA4A5251EC8EC9000F31F9A</key>
		<dict>
			<key>fileRef</key>
			<string>0FA4A51E1EC8EC9000F31F9A</string>
			<key>isa</key>
			<string>PBXBuildFile</string>
		</dict>
		<key>0FA4A5261EC8EC9000F31F9A</key>
		<dict>
			<key>fileRef</key>
			<string>0FA4A51F1EC8EC9000F31F9A</string>
			<key>isa</key>
			<string>PBXBuildFile</string>
		</dict>
		<key>0FA4A5271EC8EC9000F31F9A</key>
		<dict>
			<key>fileRef</key>
			<string>0FA4A5201EC8EC9000F31F9A</string>
			<key>isa</key>
			<string>PBXBuildFile</string>
		</dict>
		<key>0FA4A5281EC8EC9000F31F9A</key>
		<dict>
			<key>fileRef</key>
			<string>0FA4A5211EC8EC9000F31F9A</string>
			<key>isa</key>
			<string>PBXBuildFile</string>
		</dict>
		<key>0FA4A5291EC8EC9C00F31F9A</key>
		<dict>
			<key>fileEncoding</key>
			<string>4</string>
			<key>isa</key>
			<string>PBXFileReference</string>
			<key>lastKnownFileType</key>
			<string>sourcecode.swift</string>
			<key>name</key>
			<string>BaseCKOperation.swift</string>
			<key>path</key>
			<string>BaseCKOperation.swift</string>
			<key>sourceTree</key>
			<string>&lt;group&gt;</string>
		</dict>
		<key>0FA4A52A1EC8EC9C00F31F9A</key>
		<dict>
			<key>fileEncoding</key>
			<string>4</string>
			<key>isa</key>
			<string>PBXFileReference</string>
			<key>lastKnownFileType</key>
			<string>sourcecode.swift</string>
			<key>name</key>
			<string>BaseOperation.swift</string>
			<key>path</key>
			<string>BaseOperation.swift</string>
			<key>sourceTree</key>
			<string>&lt;group&gt;</string>
		</dict>
		<key>0FA4A52B1EC8EC9C00F31F9A</key>
		<dict>
			<key>fileEncoding</key>
			<string>4</string>
			<key>isa</key>
			<string>PBXFileReference</string>
			<key>lastKnownFileType</key>
			<string>sourcecode.swift</string>
			<key>name</key>
			<string>CloudKitConverters.swift</string>
			<key>path</key>
			<string>CloudKitConverters.swift</string>
			<key>sourceTree</key>
			<string>&lt;group&gt;</string>
		</dict>
		<key>0FA4A52C1EC8EC9C00F31F9A</key>
		<dict>
			<key>fileRef</key>
			<string>0FA4A5291EC8EC9C00F31F9A</string>
			<key>isa</key>
			<string>PBXBuildFile</string>
		</dict>
		<key>0FA4A52D1EC8EC9C00F31F9A</key>
		<dict>
			<key>fileRef</key>
			<string>0FA4A52A1EC8EC9C00F31F9A</string>
			<key>isa</key>
			<string>PBXBuildFile</string>
		</dict>
		<key>0FA4A52E1EC8EC9C00F31F9A</key>
		<dict>
			<key>fileRef</key>
			<string>0FA4A52B1EC8EC9C00F31F9A</string>
			<key>isa</key>
			<string>PBXBuildFile</string>
		</dict>
		<key>0FA4A52F1EC8ECA500F31F9A</key>
		<dict>
			<key>fileEncoding</key>
			<string>4</string>
			<key>isa</key>
			<string>PBXFileReference</string>
			<key>lastKnownFileType</key>
			<string>sourcecode.swift</string>
			<key>name</key>
			<string>MonitoredBaseOperation.swift</string>
			<key>path</key>
			<string>MonitoredBaseOperation.swift</string>
			<key>sourceTree</key>
			<string>&lt;group&gt;</string>
		</dict>
		<key>0FA4A5301EC8ECA500F31F9A</key>
		<dict>
			<key>fileEncoding</key>
			<string>4</string>
			<key>isa</key>
			<string>PBXFileReference</string>
			<key>lastKnownFileType</key>
			<string>sourcecode.swift</string>
			<key>name</key>
			<string>ReadWriteMutex.swift</string>
			<key>path</key>
			<string>ReadWriteMutex.swift</string>
			<key>sourceTree</key>
			<string>&lt;group&gt;</string>
		</dict>
		<key>0FA4A5311EC8ECA500F31F9A</key>
		<dict>
			<key>fileRef</key>
			<string>0FA4A52F1EC8ECA500F31F9A</string>
			<key>isa</key>
			<string>PBXBuildFile</string>
		</dict>
		<key>0FA4A5321EC8ECA500F31F9A</key>
		<dict>
			<key>fileRef</key>
			<string>0FA4A5301EC8ECA500F31F9A</string>
			<key>isa</key>
			<string>PBXBuildFile</string>
		</dict>
		<key>0FA4A5331EC8ECAB00F31F9A</key>
		<dict>
			<key>children</key>
			<array>
				<string>0FA4A5341EC8ECB400F31F9A</string>
				<string>0FA4A5351EC8ECB400F31F9A</string>
			</array>
			<key>isa</key>
			<string>PBXGroup</string>
			<key>name</key>
			<string>Meta</string>
			<key>path</key>
			<string>Meta</string>
			<key>sourceTree</key>
			<string>&lt;group&gt;</string>
		</dict>
		<key>0FA4A5341EC8ECB400F31F9A</key>
		<dict>
			<key>fileEncoding</key>
			<string>4</string>
			<key>isa</key>
			<string>PBXFileReference</string>
			<key>lastKnownFileType</key>
			<string>sourcecode.swift</string>
			<key>name</key>
			<string>OperationCreateMetaData.swift</string>
			<key>path</key>
			<string>OperationCreateMetaData.swift</string>
			<key>sourceTree</key>
			<string>&lt;group&gt;</string>
		</dict>
		<key>0FA4A5351EC8ECB400F31F9A</key>
		<dict>
			<key>fileEncoding</key>
			<string>4</string>
			<key>isa</key>
			<string>PBXFileReference</string>
			<key>lastKnownFileType</key>
			<string>sourcecode.swift</string>
			<key>name</key>
			<string>OperationFetchMetaData.swift</string>
			<key>path</key>
			<string>OperationFetchMetaData.swift</string>
			<key>sourceTree</key>
			<string>&lt;group&gt;</string>
		</dict>
		<key>0FA4A5361EC8ECB400F31F9A</key>
		<dict>
			<key>fileRef</key>
			<string>0FA4A5341EC8ECB400F31F9A</string>
			<key>isa</key>
			<string>PBXBuildFile</string>
		</dict>
		<key>0FA4A5371EC8ECB400F31F9A</key>
		<dict>
			<key>fileRef</key>
			<string>0FA4A5351EC8ECB400F31F9A</string>
			<key>isa</key>
			<string>PBXBuildFile</string>
		</dict>
		<key>0FA4A5381EC8ECBB00F31F9A</key>
		<dict>
			<key>children</key>
			<array>
				<string>0FA4A53A1EC8ECD200F31F9A</string>
				<string>0FA4A53B1EC8ECD200F31F9A</string>
				<string>0FA4A53C1EC8ECD200F31F9A</string>
				<string>0FA4A53D1EC8ECD200F31F9A</string>
				<string>0FA4A53E1EC8ECD200F31F9A</string>
				<string>0FA4A53F1EC8ECD200F31F9A</string>
				<string>0FA4A5401EC8ECD200F31F9A</string>
			</array>
			<key>isa</key>
			<string>PBXGroup</string>
			<key>name</key>
			<string>Tags</string>
			<key>path</key>
			<string>Tags</string>
			<key>sourceTree</key>
			<string>&lt;group&gt;</string>
		</dict>
		<key>0FA4A5391EC8ECC400F31F9A</key>
		<dict>
			<key>children</key>
			<array>
				<string>0FA4A5481EC8ECE200F31F9A</string>
				<string>0FA4A5491EC8ECE200F31F9A</string>
				<string>0FA4A54A1EC8ECE200F31F9A</string>
				<string>0FA4A54B1EC8ECE200F31F9A</string>
			</array>
			<key>isa</key>
			<string>PBXGroup</string>
			<key>name</key>
			<string>WordPairs</string>
			<key>path</key>
			<string>WordPairs</string>
			<key>sourceTree</key>
			<string>&lt;group&gt;</string>
		</dict>
		<key>0FA4A53A1EC8ECD200F31F9A</key>
		<dict>
			<key>fileEncoding</key>
			<string>4</string>
			<key>isa</key>
			<string>PBXFileReference</string>
			<key>lastKnownFileType</key>
			<string>sourcecode.swift</string>
			<key>name</key>
			<string>OperationCreateTag.swift</string>
			<key>path</key>
			<string>OperationCreateTag.swift</string>
			<key>sourceTree</key>
			<string>&lt;group&gt;</string>
		</dict>
		<key>0FA4A53B1EC8ECD200F31F9A</key>
		<dict>
			<key>fileEncoding</key>
			<string>4</string>
			<key>isa</key>
			<string>PBXFileReference</string>
			<key>lastKnownFileType</key>
			<string>sourcecode.swift</string>
			<key>name</key>
			<string>OperationCreateTagAssociation.swift</string>
			<key>path</key>
			<string>OperationCreateTagAssociation.swift</string>
			<key>sourceTree</key>
			<string>&lt;group&gt;</string>
		</dict>
		<key>0FA4A53C1EC8ECD200F31F9A</key>
		<dict>
			<key>fileEncoding</key>
			<string>4</string>
			<key>isa</key>
			<string>PBXFileReference</string>
			<key>lastKnownFileType</key>
			<string>sourcecode.swift</string>
			<key>name</key>
			<string>OperationDeleteRecord.swift</string>
			<key>path</key>
			<string>OperationDeleteRecord.swift</string>
			<key>sourceTree</key>
			<string>&lt;group&gt;</string>
		</dict>
		<key>0FA4A53D1EC8ECD200F31F9A</key>
		<dict>
			<key>fileEncoding</key>
			<string>4</string>
			<key>isa</key>
			<string>PBXFileReference</string>
			<key>lastKnownFileType</key>
			<string>sourcecode.swift</string>
			<key>name</key>
			<string>OperationFetchTagAssociations.swift</string>
			<key>path</key>
			<string>OperationFetchTagAssociations.swift</string>
			<key>sourceTree</key>
			<string>&lt;group&gt;</string>
		</dict>
		<key>0FA4A53E1EC8ECD200F31F9A</key>
		<dict>
			<key>fileEncoding</key>
			<string>4</string>
			<key>isa</key>
			<string>PBXFileReference</string>
			<key>lastKnownFileType</key>
			<string>sourcecode.swift</string>
			<key>name</key>
			<string>OperationFetchTags.swift</string>
			<key>path</key>
			<string>OperationFetchTags.swift</string>
			<key>sourceTree</key>
			<string>&lt;group&gt;</string>
		</dict>
		<key>0FA4A53F1EC8ECD200F31F9A</key>
		<dict>
			<key>fileEncoding</key>
			<string>4</string>
			<key>isa</key>
			<string>PBXFileReference</string>
			<key>lastKnownFileType</key>
			<string>sourcecode.swift</string>
			<key>name</key>
			<string>OperationUpdateTag.swift</string>
			<key>path</key>
			<string>OperationUpdateTag.swift</string>
			<key>sourceTree</key>
			<string>&lt;group&gt;</string>
		</dict>
		<key>0FA4A5401EC8ECD200F31F9A</key>
		<dict>
			<key>fileEncoding</key>
			<string>4</string>
			<key>isa</key>
			<string>PBXFileReference</string>
			<key>lastKnownFileType</key>
			<string>sourcecode.swift</string>
			<key>name</key>
			<string>OperationUpdateWordPair.swift</string>
			<key>path</key>
			<string>OperationUpdateWordPair.swift</string>
			<key>sourceTree</key>
			<string>&lt;group&gt;</string>
		</dict>
		<key>0FA4A5411EC8ECD200F31F9A</key>
		<dict>
			<key>fileRef</key>
			<string>0FA4A53A1EC8ECD200F31F9A</string>
			<key>isa</key>
			<string>PBXBuildFile</string>
		</dict>
		<key>0FA4A5421EC8ECD200F31F9A</key>
		<dict>
			<key>fileRef</key>
			<string>0FA4A53B1EC8ECD200F31F9A</string>
			<key>isa</key>
			<string>PBXBuildFile</string>
		</dict>
		<key>0FA4A5431EC8ECD200F31F9A</key>
		<dict>
			<key>fileRef</key>
			<string>0FA4A53C1EC8ECD200F31F9A</string>
			<key>isa</key>
			<string>PBXBuildFile</string>
		</dict>
		<key>0FA4A5441EC8ECD200F31F9A</key>
		<dict>
			<key>fileRef</key>
			<string>0FA4A53D1EC8ECD200F31F9A</string>
			<key>isa</key>
			<string>PBXBuildFile</string>
		</dict>
		<key>0FA4A5451EC8ECD200F31F9A</key>
		<dict>
			<key>fileRef</key>
			<string>0FA4A53E1EC8ECD200F31F9A</string>
			<key>isa</key>
			<string>PBXBuildFile</string>
		</dict>
		<key>0FA4A5461EC8ECD200F31F9A</key>
		<dict>
			<key>fileRef</key>
			<string>0FA4A53F1EC8ECD200F31F9A</string>
			<key>isa</key>
			<string>PBXBuildFile</string>
		</dict>
		<key>0FA4A5471EC8ECD200F31F9A</key>
		<dict>
			<key>fileRef</key>
			<string>0FA4A5401EC8ECD200F31F9A</string>
			<key>isa</key>
			<string>PBXBuildFile</string>
		</dict>
		<key>0FA4A5481EC8ECE200F31F9A</key>
		<dict>
			<key>fileEncoding</key>
			<string>4</string>
			<key>isa</key>
			<string>PBXFileReference</string>
			<key>lastKnownFileType</key>
			<string>sourcecode.swift</string>
			<key>name</key>
			<string>OperationCountWordPairs.swift</string>
			<key>path</key>
			<string>OperationCountWordPairs.swift</string>
			<key>sourceTree</key>
			<string>&lt;group&gt;</string>
		</dict>
		<key>0FA4A5491EC8ECE200F31F9A</key>
		<dict>
			<key>fileEncoding</key>
			<string>4</string>
			<key>isa</key>
			<string>PBXFileReference</string>
			<key>lastKnownFileType</key>
			<string>sourcecode.swift</string>
			<key>name</key>
			<string>OperationCreateWordPair.swift</string>
			<key>path</key>
			<string>OperationCreateWordPair.swift</string>
			<key>sourceTree</key>
			<string>&lt;group&gt;</string>
		</dict>
		<key>0FA4A54A1EC8ECE200F31F9A</key>
		<dict>
			<key>fileEncoding</key>
			<string>4</string>
			<key>isa</key>
			<string>PBXFileReference</string>
			<key>lastKnownFileType</key>
			<string>sourcecode.swift</string>
			<key>name</key>
			<string>OperationFetchWordPairs.swift</string>
			<key>path</key>
			<string>OperationFetchWordPairs.swift</string>
			<key>sourceTree</key>
			<string>&lt;group&gt;</string>
		</dict>
		<key>0FA4A54B1EC8ECE200F31F9A</key>
		<dict>
			<key>fileEncoding</key>
			<string>4</string>
			<key>isa</key>
			<string>PBXFileReference</string>
			<key>lastKnownFileType</key>
			<string>sourcecode.swift</string>
			<key>name</key>
			<string>OperationPagedWordPairs.swift</string>
			<key>path</key>
			<string>OperationPagedWordPairs.swift</string>
			<key>sourceTree</key>
			<string>&lt;group&gt;</string>
		</dict>
		<key>0FA4A54C1EC8ECE200F31F9A</key>
		<dict>
			<key>fileRef</key>
			<string>0FA4A5481EC8ECE200F31F9A</string>
			<key>isa</key>
			<string>PBXBuildFile</string>
		</dict>
		<key>0FA4A54D1EC8ECE200F31F9A</key>
		<dict>
			<key>fileRef</key>
			<string>0FA4A5491EC8ECE200F31F9A</string>
			<key>isa</key>
			<string>PBXBuildFile</string>
		</dict>
		<key>0FA4A54E1EC8ECE200F31F9A</key>
		<dict>
			<key>fileRef</key>
			<string>0FA4A54A1EC8ECE200F31F9A</string>
			<key>isa</key>
			<string>PBXBuildFile</string>
		</dict>
		<key>0FA4A54F1EC8ECE200F31F9A</key>
		<dict>
			<key>fileRef</key>
			<string>0FA4A54B1EC8ECE200F31F9A</string>
			<key>isa</key>
			<string>PBXBuildFile</string>
		</dict>
		<key>0FA4A5501EC8EE5B00F31F9A</key>
		<dict>
			<key>fileEncoding</key>
			<string>4</string>
			<key>isa</key>
			<string>PBXFileReference</string>
			<key>lastKnownFileType</key>
			<string>sourcecode.swift</string>
			<key>name</key>
			<string>Globals.swift</string>
			<key>path</key>
			<string>Globals.swift</string>
			<key>sourceTree</key>
			<string>&lt;group&gt;</string>
		</dict>
		<key>0FA4A5511EC8EE5B00F31F9A</key>
		<dict>
			<key>fileRef</key>
			<string>0FA4A5501EC8EE5B00F31F9A</string>
			<key>isa</key>
			<string>PBXBuildFile</string>
		</dict>
	</dict>
	<key>rootObject</key>
	<string>0FA4A4811EC89C0D00F31F9A</string>
</dict>
</plist>
